
Microsoft Visual Studio Solution File, Format Version 12.00
# Visual Studio 2017
Project("{FAE04EC0-301F-11D3-BF4B-00C04F79EFBC}") = "TBOL Card Game", "TBOL Card Game.csproj", "{A4686188-02FB-7F4A-BF1B-0B3F3B1C8E3F}"
EndProject
Global
	GlobalSection(SolutionConfigurationPlatforms) = preSolution
		Debug|Any CPU = Debug|Any CPU
		Release|Any CPU = Release|Any CPU
	EndGlobalSection
	GlobalSection(ProjectConfigurationPlatforms) = postSolution
		{A4686188-02FB-7F4A-BF1B-0B3F3B1C8E3F}.Debug|Any CPU.ActiveCfg = Debug|Any CPU
		{A4686188-02FB-7F4A-BF1B-0B3F3B1C8E3F}.Debug|Any CPU.Build.0 = Debug|Any CPU
		{A4686188-02FB-7F4A-BF1B-0B3F3B1C8E3F}.Release|Any CPU.ActiveCfg = Release|Any CPU
		{A4686188-02FB-7F4A-BF1B-0B3F3B1C8E3F}.Release|Any CPU.Build.0 = Release|Any CPU
	EndGlobalSection
	GlobalSection(SolutionProperties) = preSolution
		HideSolutionNode = FALSE
	EndGlobalSection
EndGlobal
